
Microsoft Visual Studio Solution File, Format Version 12.00
# Visual Studio 15
VisualStudioVersion = 15.0.26430.6
MinimumVisualStudioVersion = 10.0.40219.1
Project("{2150E333-8FDC-42A3-9474-1A3956D46DE8}") = "src", "src", "{52DCC1DB-B02D-4FBA-9555-06608230AEA7}"
EndProject
Project("{2150E333-8FDC-42A3-9474-1A3956D46DE8}") = "Solution Items", "Solution Items", "{DFCEF94B-13A7-4845-A069-0225A1FE17D0}"
EndProject
Project("{9A19103F-16F7-4668-BE54-9A1E7A4F7556}") = "Assignment2", "src\Assignment2\Assignment2.csproj", "{45C1E9F3-F6CF-4110-A8F2-761E60D03A1B}"
EndProject
Project("{9A19103F-16F7-4668-BE54-9A1E7A4F7556}") = "Assignment1", "src\Assignment1\Assignment1.csproj", "{2CE79277-1DF3-4494-A1D6-2FC124427122}"
EndProject
Global
	GlobalSection(SolutionConfigurationPlatforms) = preSolution
		Debug|Any CPU = Debug|Any CPU
		Release|Any CPU = Release|Any CPU
	EndGlobalSection
	GlobalSection(ProjectConfigurationPlatforms) = postSolution
		{45C1E9F3-F6CF-4110-A8F2-761E60D03A1B}.Debug|Any CPU.ActiveCfg = Debug|Any CPU
		{45C1E9F3-F6CF-4110-A8F2-761E60D03A1B}.Debug|Any CPU.Build.0 = Debug|Any CPU
		{45C1E9F3-F6CF-4110-A8F2-761E60D03A1B}.Release|Any CPU.ActiveCfg = Release|Any CPU
		{45C1E9F3-F6CF-4110-A8F2-761E60D03A1B}.Release|Any CPU.Build.0 = Release|Any CPU
		{2CE79277-1DF3-4494-A1D6-2FC124427122}.Debug|Any CPU.ActiveCfg = Debug|Any CPU
		{2CE79277-1DF3-4494-A1D6-2FC124427122}.Debug|Any CPU.Build.0 = Debug|Any CPU
		{2CE79277-1DF3-4494-A1D6-2FC124427122}.Release|Any CPU.ActiveCfg = Release|Any CPU
		{2CE79277-1DF3-4494-A1D6-2FC124427122}.Release|Any CPU.Build.0 = Release|Any CPU
	EndGlobalSection
	GlobalSection(SolutionProperties) = preSolution
		HideSolutionNode = FALSE
	EndGlobalSection
	GlobalSection(NestedProjects) = preSolution
		{45C1E9F3-F6CF-4110-A8F2-761E60D03A1B} = {52DCC1DB-B02D-4FBA-9555-06608230AEA7}
		{2CE79277-1DF3-4494-A1D6-2FC124427122} = {52DCC1DB-B02D-4FBA-9555-06608230AEA7}
	EndGlobalSection
EndGlobal
